
Microsoft Visual Studio Solution File, Format Version 12.00
# Visual Studio Version 17
VisualStudioVersion = 17.1.32407.343
MinimumVisualStudioVersion = 10.0.40219.1
Project("{FAE04EC0-301F-11D3-BF4B-00C04F79EFBC}") = "OOPShop", "OOPShop\OOPShop.csproj", "{1A47CD13-5F60-46BF-B357-E23527449424}"
EndProject
Global
	GlobalSection(SolutionConfigurationPlatforms) = preSolution
		Debug|Any CPU = Debug|Any CPU
		Release|Any CPU = Release|Any CPU
	EndGlobalSection
	GlobalSection(ProjectConfigurationPlatforms) = postSolution
		{1A47CD13-5F60-46BF-B357-E23527449424}.Debug|Any CPU.ActiveCfg = Debug|Any CPU
		{1A47CD13-5F60-46BF-B357-E23527449424}.Debug|Any CPU.Build.0 = Debug|Any CPU
		{1A47CD13-5F60-46BF-B357-E23527449424}.Release|Any CPU.ActiveCfg = Release|Any CPU
		{1A47CD13-5F60-46BF-B357-E23527449424}.Release|Any CPU.Build.0 = Release|Any CPU
	EndGlobalSection
	GlobalSection(SolutionProperties) = preSolution
		HideSolutionNode = FALSE
	EndGlobalSection
	GlobalSection(ExtensibilityGlobals) = postSolution
		SolutionGuid = {311DABB7-E2FD-43C0-9065-26EC2061EADF}
	EndGlobalSection
EndGlobal
